
Microsoft Visual Studio Solution File, Format Version 12.00
# Visual Studio 15
VisualStudioVersion = 15.0.28307.1145
MinimumVisualStudioVersion = 10.0.40219.1
Project("{9A19103F-16F7-4668-BE54-9A1E7A4F7556}") = "H2OOP Geralt's Monster Hunt", "H2OOP Geralt's Monster Hunt\H2OOP Geralt's Monster Hunt.csproj", "{1992C74A-E7A0-4A0C-9F2E-E421C8DF3AD1}"
EndProject
Project("{FAE04EC0-301F-11D3-BF4B-00C04F79EFBC}") = "ABCLibrary", "ClassLibrary1\ABCLibrary.csproj", "{3A268136-3F9B-405D-BA51-75618B7E11FE}"
EndProject
Global
	GlobalSection(SolutionConfigurationPlatforms) = preSolution
		Debug|Any CPU = Debug|Any CPU
		Release|Any CPU = Release|Any CPU
	EndGlobalSection
	GlobalSection(ProjectConfigurationPlatforms) = postSolution
		{1992C74A-E7A0-4A0C-9F2E-E421C8DF3AD1}.Debug|Any CPU.ActiveCfg = Debug|Any CPU
		{1992C74A-E7A0-4A0C-9F2E-E421C8DF3AD1}.Debug|Any CPU.Build.0 = Debug|Any CPU
		{1992C74A-E7A0-4A0C-9F2E-E421C8DF3AD1}.Release|Any CPU.ActiveCfg = Release|Any CPU
		{1992C74A-E7A0-4A0C-9F2E-E421C8DF3AD1}.Release|Any CPU.Build.0 = Release|Any CPU
		{3A268136-3F9B-405D-BA51-75618B7E11FE}.Debug|Any CPU.ActiveCfg = Debug|Any CPU
		{3A268136-3F9B-405D-BA51-75618B7E11FE}.Debug|Any CPU.Build.0 = Debug|Any CPU
		{3A268136-3F9B-405D-BA51-75618B7E11FE}.Release|Any CPU.ActiveCfg = Release|Any CPU
		{3A268136-3F9B-405D-BA51-75618B7E11FE}.Release|Any CPU.Build.0 = Release|Any CPU
	EndGlobalSection
	GlobalSection(SolutionProperties) = preSolution
		HideSolutionNode = FALSE
	EndGlobalSection
	GlobalSection(ExtensibilityGlobals) = postSolution
		SolutionGuid = {73D29C30-A2B2-466F-8FAD-C0009C7A43AC}
	EndGlobalSection
EndGlobal
