
Microsoft Visual Studio Solution File, Format Version 12.00
# Visual Studio Version 16
VisualStudioVersion = 16.0.29905.134
MinimumVisualStudioVersion = 10.0.40219.1
Project("{FAE04EC0-301F-11D3-BF4B-00C04F79EFBC}") = "LommeRegner", "LommeRegner\LommeRegner.csproj", "{8321CE35-A514-4917-BC4C-BE7F0077590D}"
EndProject
Global
	GlobalSection(SolutionConfigurationPlatforms) = preSolution
		Debug|Any CPU = Debug|Any CPU
		Release|Any CPU = Release|Any CPU
	EndGlobalSection
	GlobalSection(ProjectConfigurationPlatforms) = postSolution
		{8321CE35-A514-4917-BC4C-BE7F0077590D}.Debug|Any CPU.ActiveCfg = Debug|Any CPU
		{8321CE35-A514-4917-BC4C-BE7F0077590D}.Debug|Any CPU.Build.0 = Debug|Any CPU
		{8321CE35-A514-4917-BC4C-BE7F0077590D}.Release|Any CPU.ActiveCfg = Release|Any CPU
		{8321CE35-A514-4917-BC4C-BE7F0077590D}.Release|Any CPU.Build.0 = Release|Any CPU
	EndGlobalSection
	GlobalSection(SolutionProperties) = preSolution
		HideSolutionNode = FALSE
	EndGlobalSection
	GlobalSection(ExtensibilityGlobals) = postSolution
		SolutionGuid = {F044224F-CE79-4366-8AF8-536BBD963E81}
	EndGlobalSection
EndGlobal
