
Microsoft Visual Studio Solution File, Format Version 12.00
# Visual Studio Version 16
VisualStudioVersion = 16.0.30114.105
MinimumVisualStudioVersion = 10.0.40219.1
Project("{FAE04EC0-301F-11D3-BF4B-00C04F79EFBC}") = "Filosofer", "Filosofer\Filosofer.csproj", "{B20BA384-7988-49DA-A1C6-6EDD78844A95}"
EndProject
Global
	GlobalSection(SolutionConfigurationPlatforms) = preSolution
		Debug|Any CPU = Debug|Any CPU
		Release|Any CPU = Release|Any CPU
	EndGlobalSection
	GlobalSection(ProjectConfigurationPlatforms) = postSolution
		{B20BA384-7988-49DA-A1C6-6EDD78844A95}.Debug|Any CPU.ActiveCfg = Debug|Any CPU
		{B20BA384-7988-49DA-A1C6-6EDD78844A95}.Debug|Any CPU.Build.0 = Debug|Any CPU
		{B20BA384-7988-49DA-A1C6-6EDD78844A95}.Release|Any CPU.ActiveCfg = Release|Any CPU
		{B20BA384-7988-49DA-A1C6-6EDD78844A95}.Release|Any CPU.Build.0 = Release|Any CPU
	EndGlobalSection
	GlobalSection(SolutionProperties) = preSolution
		HideSolutionNode = FALSE
	EndGlobalSection
	GlobalSection(ExtensibilityGlobals) = postSolution
		SolutionGuid = {F6AEE9A1-CE4D-4A4B-9298-16B75E3E9B82}
	EndGlobalSection
EndGlobal
