
Microsoft Visual Studio Solution File, Format Version 12.00
# Visual Studio Version 16
VisualStudioVersion = 16.0.30503.244
MinimumVisualStudioVersion = 10.0.40219.1
Project("{FAE04EC0-301F-11D3-BF4B-00C04F79EFBC}") = "DataBinding", "DataBinding\DataBinding.csproj", "{5287FE51-BC4C-44A9-AFE4-B4D165E38099}"
EndProject
Global
	GlobalSection(SolutionConfigurationPlatforms) = preSolution
		Debug|Any CPU = Debug|Any CPU
		Release|Any CPU = Release|Any CPU
	EndGlobalSection
	GlobalSection(ProjectConfigurationPlatforms) = postSolution
		{5287FE51-BC4C-44A9-AFE4-B4D165E38099}.Debug|Any CPU.ActiveCfg = Debug|Any CPU
		{5287FE51-BC4C-44A9-AFE4-B4D165E38099}.Debug|Any CPU.Build.0 = Debug|Any CPU
		{5287FE51-BC4C-44A9-AFE4-B4D165E38099}.Release|Any CPU.ActiveCfg = Release|Any CPU
		{5287FE51-BC4C-44A9-AFE4-B4D165E38099}.Release|Any CPU.Build.0 = Release|Any CPU
	EndGlobalSection
	GlobalSection(SolutionProperties) = preSolution
		HideSolutionNode = FALSE
	EndGlobalSection
	GlobalSection(ExtensibilityGlobals) = postSolution
		SolutionGuid = {F142F525-8D5D-457E-88FE-DDD52C174DAF}
	EndGlobalSection
EndGlobal
